// !$*UTF8*$!
{
	archiveVersion = 1;
	classes = {
	};
	objectVersion = 50;
	objects = {

/* Begin PBXBuildFile section */
		9B63770C24DAC0F5009D5BC7 /* AppDelegate.swift in Sources */ = {isa = PBXBuildFile; fileRef = 9B63770B24DAC0F5009D5BC7 /* AppDelegate.swift */; };
		9B63770E24DAC0F5009D5BC7 /* SceneDelegate.swift in Sources */ = {isa = PBXBuildFile; fileRef = 9B63770D24DAC0F5009D5BC7 /* SceneDelegate.swift */; };
		9B63771024DAC0F5009D5BC7 /* ContentView.swift in Sources */ = {isa = PBXBuildFile; fileRef = 9B63770F24DAC0F5009D5BC7 /* ContentView.swift */; };
		9B63771224DAC0F7009D5BC7 /* Assets.xcassets in Resources */ = {isa = PBXBuildFile; fileRef = 9B63771124DAC0F7009D5BC7 /* Assets.xcassets */; };
		9B63771524DAC0F7009D5BC7 /* Preview Assets.xcassets in Resources */ = {isa = PBXBuildFile; fileRef = 9B63771424DAC0F7009D5BC7 /* Preview Assets.xcassets */; };
		9B63771824DAC0F7009D5BC7 /* LaunchScreen.storyboard in Resources */ = {isa = PBXBuildFile; fileRef = 9B63771624DAC0F7009D5BC7 /* LaunchScreen.storyboard */; };
		9B63772324DAC0F7009D5BC7 /* ExerciseTests.swift in Sources */ = {isa = PBXBuildFile; fileRef = 9B63772224DAC0F7009D5BC7 /* ExerciseTests.swift */; };
		9B63772E24DAC0F7009D5BC7 /* ExerciseUITests.swift in Sources */ = {isa = PBXBuildFile; fileRef = 9B63772D24DAC0F7009D5BC7 /* ExerciseUITests.swift */; };
		9BC8EE5124DAC43E0009BEDE /* API.swift in Sources */ = {isa = PBXBuildFile; fileRef = 9BC8EE5024DAC43E0009BEDE /* API.swift */; };
		9BC8EE5324DAC4760009BEDE /* Endpoint.swift in Sources */ = {isa = PBXBuildFile; fileRef = 9BC8EE5224DAC4760009BEDE /* Endpoint.swift */; };
		9BC8EE5524DAC4BA0009BEDE /* ProductsEndpoint.swift in Sources */ = {isa = PBXBuildFile; fileRef = 9BC8EE5424DAC4BA0009BEDE /* ProductsEndpoint.swift */; };
		9BC8EE5824DAC5200009BEDE /* ProductsResponse.swift in Sources */ = {isa = PBXBuildFile; fileRef = 9BC8EE5724DAC5200009BEDE /* ProductsResponse.swift */; };
/* End PBXBuildFile section */

/* Begin PBXContainerItemProxy section */
		9B63771F24DAC0F7009D5BC7 /* PBXContainerItemProxy */ = {
			isa = PBXContainerItemProxy;
			containerPortal = 9B63770024DAC0F5009D5BC7 /* Project object */;
			proxyType = 1;
			remoteGlobalIDString = 9B63770724DAC0F5009D5BC7;
			remoteInfo = Exercise;
		};
		9B63772A24DAC0F7009D5BC7 /* PBXContainerItemProxy */ = {
			isa = PBXContainerItemProxy;
			containerPortal = 9B63770024DAC0F5009D5BC7 /* Project object */;
			proxyType = 1;
			remoteGlobalIDString = 9B63770724DAC0F5009D5BC7;
			remoteInfo = Exercise;
		};
/* End PBXContainerItemProxy section */

/* Begin PBXFileReference section */
		9B63770824DAC0F5009D5BC7 /* Exercise.app */ = {isa = PBXFileReference; explicitFileType = wrapper.application; includeInIndex = 0; path = Exercise.app; sourceTree = BUILT_PRODUCTS_DIR; };
		9B63770B24DAC0F5009D5BC7 /* AppDelegate.swift */ = {isa = PBXFileReference; lastKnownFileType = sourcecode.swift; path = AppDelegate.swift; sourceTree = "<group>"; };
		9B63770D24DAC0F5009D5BC7 /* SceneDelegate.swift */ = {isa = PBXFileReference; lastKnownFileType = sourcecode.swift; path = SceneDelegate.swift; sourceTree = "<group>"; };
		9B63770F24DAC0F5009D5BC7 /* ContentView.swift */ = {isa = PBXFileReference; lastKnownFileType = sourcecode.swift; path = ContentView.swift; sourceTree = "<group>"; };
		9B63771124DAC0F7009D5BC7 /* Assets.xcassets */ = {isa = PBXFileReference; lastKnownFileType = folder.assetcatalog; path = Assets.xcassets; sourceTree = "<group>"; };
		9B63771424DAC0F7009D5BC7 /* Preview Assets.xcassets */ = {isa = PBXFileReference; lastKnownFileType = folder.assetcatalog; path = "Preview Assets.xcassets"; sourceTree = "<group>"; };
		9B63771724DAC0F7009D5BC7 /* Base */ = {isa = PBXFileReference; lastKnownFileType = file.storyboard; name = Base; path = Base.lproj/LaunchScreen.storyboard; sourceTree = "<group>"; };
		9B63771924DAC0F7009D5BC7 /* Info.plist */ = {isa = PBXFileReference; lastKnownFileType = text.plist.xml; path = Info.plist; sourceTree = "<group>"; };
		9B63771E24DAC0F7009D5BC7 /* ExerciseTests.xctest */ = {isa = PBXFileReference; explicitFileType = wrapper.cfbundle; includeInIndex = 0; path = ExerciseTests.xctest; sourceTree = BUILT_PRODUCTS_DIR; };
		9B63772224DAC0F7009D5BC7 /* ExerciseTests.swift */ = {isa = PBXFileReference; lastKnownFileType = sourcecode.swift; path = ExerciseTests.swift; sourceTree = "<group>"; };
		9B63772424DAC0F7009D5BC7 /* Info.plist */ = {isa = PBXFileReference; lastKnownFileType = text.plist.xml; path = Info.plist; sourceTree = "<group>"; };
		9B63772924DAC0F7009D5BC7 /* ExerciseUITests.xctest */ = {isa = PBXFileReference; explicitFileType = wrapper.cfbundle; includeInIndex = 0; path = ExerciseUITests.xctest; sourceTree = BUILT_PRODUCTS_DIR; };
		9B63772D24DAC0F7009D5BC7 /* ExerciseUITests.swift */ = {isa = PBXFileReference; lastKnownFileType = sourcecode.swift; path = ExerciseUITests.swift; sourceTree = "<group>"; };
		9B63772F24DAC0F7009D5BC7 /* Info.plist */ = {isa = PBXFileReference; lastKnownFileType = text.plist.xml; path = Info.plist; sourceTree = "<group>"; };
		9BC8EE5024DAC43E0009BEDE /* API.swift */ = {isa = PBXFileReference; lastKnownFileType = sourcecode.swift; path = API.swift; sourceTree = "<group>"; };
		9BC8EE5224DAC4760009BEDE /* Endpoint.swift */ = {isa = PBXFileReference; lastKnownFileType = sourcecode.swift; path = Endpoint.swift; sourceTree = "<group>"; };
		9BC8EE5424DAC4BA0009BEDE /* ProductsEndpoint.swift */ = {isa = PBXFileReference; lastKnownFileType = sourcecode.swift; path = ProductsEndpoint.swift; sourceTree = "<group>"; };
		9BC8EE5724DAC5200009BEDE /* ProductsResponse.swift */ = {isa = PBXFileReference; lastKnownFileType = sourcecode.swift; path = ProductsResponse.swift; sourceTree = "<group>"; };
/* End PBXFileReference section */

/* Begin PBXFrameworksBuildPhase section */
		9B63770524DAC0F5009D5BC7 /* Frameworks */ = {
			isa = PBXFrameworksBuildPhase;
			buildActionMask = 2147483647;
			files = (
			);
			runOnlyForDeploymentPostprocessing = 0;
		};
		9B63771B24DAC0F7009D5BC7 /* Frameworks */ = {
			isa = PBXFrameworksBuildPhase;
			buildActionMask = 2147483647;
			files = (
			);
			runOnlyForDeploymentPostprocessing = 0;
		};
		9B63772624DAC0F7009D5BC7 /* Frameworks */ = {
			isa = PBXFrameworksBuildPhase;
			buildActionMask = 2147483647;
			files = (
			);
			runOnlyForDeploymentPostprocessing = 0;
		};
/* End PBXFrameworksBuildPhase section */

/* Begin PBXGroup section */
		9B6376FF24DAC0F5009D5BC7 = {
			isa = PBXGroup;
			children = (
				9B63770A24DAC0F5009D5BC7 /* Exercise */,
				9B63772124DAC0F7009D5BC7 /* ExerciseTests */,
				9B63772C24DAC0F7009D5BC7 /* ExerciseUITests */,
				9B63770924DAC0F5009D5BC7 /* Products */,
			);
			sourceTree = "<group>";
		};
		9B63770924DAC0F5009D5BC7 /* Products */ = {
			isa = PBXGroup;
			children = (
				9B63770824DAC0F5009D5BC7 /* Exercise.app */,
				9B63771E24DAC0F7009D5BC7 /* ExerciseTests.xctest */,
				9B63772924DAC0F7009D5BC7 /* ExerciseUITests.xctest */,
			);
			name = Products;
			sourceTree = "<group>";
		};
		9B63770A24DAC0F5009D5BC7 /* Exercise */ = {
			isa = PBXGroup;
			children = (
				9BC8EE4F24DAC42A0009BEDE /* API */,
				9BC8EE5624DAC5090009BEDE /* Models */,
				9B63770B24DAC0F5009D5BC7 /* AppDelegate.swift */,
				9B63770D24DAC0F5009D5BC7 /* SceneDelegate.swift */,
				9B63770F24DAC0F5009D5BC7 /* ContentView.swift */,
				9B63771124DAC0F7009D5BC7 /* Assets.xcassets */,
				9B63771624DAC0F7009D5BC7 /* LaunchScreen.storyboard */,
				9B63771924DAC0F7009D5BC7 /* Info.plist */,
				9B63771324DAC0F7009D5BC7 /* Preview Content */,
			);
			path = Exercise;
			sourceTree = "<group>";
		};
		9B63771324DAC0F7009D5BC7 /* Preview Content */ = {
			isa = PBXGroup;
			children = (
				9B63771424DAC0F7009D5BC7 /* Preview Assets.xcassets */,
			);
			path = "Preview Content";
			sourceTree = "<group>";
		};
		9B63772124DAC0F7009D5BC7 /* ExerciseTests */ = {
			isa = PBXGroup;
			children = (
				9B63772224DAC0F7009D5BC7 /* ExerciseTests.swift */,
				9B63772424DAC0F7009D5BC7 /* Info.plist */,
			);
			path = ExerciseTests;
			sourceTree = "<group>";
		};
		9B63772C24DAC0F7009D5BC7 /* ExerciseUITests */ = {
			isa = PBXGroup;
			children = (
				9B63772D24DAC0F7009D5BC7 /* ExerciseUITests.swift */,
				9B63772F24DAC0F7009D5BC7 /* Info.plist */,
			);
			path = ExerciseUITests;
			sourceTree = "<group>";
		};
		9BC8EE4F24DAC42A0009BEDE /* API */ = {
			isa = PBXGroup;
			children = (
				9BC8EE5024DAC43E0009BEDE /* API.swift */,
				9BC8EE5224DAC4760009BEDE /* Endpoint.swift */,
				9BC8EE5424DAC4BA0009BEDE /* ProductsEndpoint.swift */,
			);
			name = API;
			sourceTree = "<group>";
		};
		9BC8EE5624DAC5090009BEDE /* Models */ = {
			isa = PBXGroup;
			children = (
				9BC8EE5724DAC5200009BEDE /* ProductsResponse.swift */,
			);
			name = Models;
			sourceTree = "<group>";
		};
/* End PBXGroup section */

/* Begin PBXNativeTarget section */
		9B63770724DAC0F5009D5BC7 /* Exercise */ = {
			isa = PBXNativeTarget;
			buildConfigurationList = 9B63773224DAC0F7009D5BC7 /* Build configuration list for PBXNativeTarget "Exercise" */;
			buildPhases = (
				9B63770424DAC0F5009D5BC7 /* Sources */,
				9B63770524DAC0F5009D5BC7 /* Frameworks */,
				9B63770624DAC0F5009D5BC7 /* Resources */,
			);
			buildRules = (
			);
			dependencies = (
			);
			name = Exercise;
			productName = Exercise;
			productReference = 9B63770824DAC0F5009D5BC7 /* Exercise.app */;
			productType = "com.apple.product-type.application";
		};
		9B63771D24DAC0F7009D5BC7 /* ExerciseTests */ = {
			isa = PBXNativeTarget;
			buildConfigurationList = 9B63773524DAC0F7009D5BC7 /* Build configuration list for PBXNativeTarget "ExerciseTests" */;
			buildPhases = (
				9B63771A24DAC0F7009D5BC7 /* Sources */,
				9B63771B24DAC0F7009D5BC7 /* Frameworks */,
				9B63771C24DAC0F7009D5BC7 /* Resources */,
			);
			buildRules = (
			);
			dependencies = (
				9B63772024DAC0F7009D5BC7 /* PBXTargetDependency */,
			);
			name = ExerciseTests;
			productName = ExerciseTests;
			productReference = 9B63771E24DAC0F7009D5BC7 /* ExerciseTests.xctest */;
			productType = "com.apple.product-type.bundle.unit-test";
		};
		9B63772824DAC0F7009D5BC7 /* ExerciseUITests */ = {
			isa = PBXNativeTarget;
			buildConfigurationList = 9B63773824DAC0F7009D5BC7 /* Build configuration list for PBXNativeTarget "ExerciseUITests" */;
			buildPhases = (
				9B63772524DAC0F7009D5BC7 /* Sources */,
				9B63772624DAC0F7009D5BC7 /* Frameworks */,
				9B63772724DAC0F7009D5BC7 /* Resources */,
			);
			buildRules = (
			);
			dependencies = (
				9B63772B24DAC0F7009D5BC7 /* PBXTargetDependency */,
			);
			name = ExerciseUITests;
			productName = ExerciseUITests;
			productReference = 9B63772924DAC0F7009D5BC7 /* ExerciseUITests.xctest */;
			productType = "com.apple.product-type.bundle.ui-testing";
		};
/* End PBXNativeTarget section */

/* Begin PBXProject section */
		9B63770024DAC0F5009D5BC7 /* Project object */ = {
			isa = PBXProject;
			attributes = {
				LastSwiftUpdateCheck = 1160;
				LastUpgradeCheck = 1160;
				ORGANIZATIONNAME = Roman;
				TargetAttributes = {
					9B63770724DAC0F5009D5BC7 = {
						CreatedOnToolsVersion = 11.6;
					};
					9B63771D24DAC0F7009D5BC7 = {
						CreatedOnToolsVersion = 11.6;
						TestTargetID = 9B63770724DAC0F5009D5BC7;
					};
					9B63772824DAC0F7009D5BC7 = {
						CreatedOnToolsVersion = 11.6;
						TestTargetID = 9B63770724DAC0F5009D5BC7;
					};
				};
			};
			buildConfigurationList = 9B63770324DAC0F5009D5BC7 /* Build configuration list for PBXProject "Exercise" */;
			compatibilityVersion = "Xcode 9.3";
			developmentRegion = en;
			hasScannedForEncodings = 0;
			knownRegions = (
				en,
				Base,
			);
			mainGroup = 9B6376FF24DAC0F5009D5BC7;
			productRefGroup = 9B63770924DAC0F5009D5BC7 /* Products */;
			projectDirPath = "";
			projectRoot = "";
			targets = (
				9B63770724DAC0F5009D5BC7 /* Exercise */,
				9B63771D24DAC0F7009D5BC7 /* ExerciseTests */,
				9B63772824DAC0F7009D5BC7 /* ExerciseUITests */,
			);
		};
/* End PBXProject section */

/* Begin PBXResourcesBuildPhase section */
		9B63770624DAC0F5009D5BC7 /* Resources */ = {
			isa = PBXResourcesBuildPhase;
			buildActionMask = 2147483647;
			files = (
				9B63771824DAC0F7009D5BC7 /* LaunchScreen.storyboard in Resources */,
				9B63771524DAC0F7009D5BC7 /* Preview Assets.xcassets in Resources */,
				9B63771224DAC0F7009D5BC7 /* Assets.xcassets in Resources */,
			);
			runOnlyForDeploymentPostprocessing = 0;
		};
		9B63771C24DAC0F7009D5BC7 /* Resources */ = {
			isa = PBXResourcesBuildPhase;
			buildActionMask = 2147483647;
			files = (
			);
			runOnlyForDeploymentPostprocessing = 0;
		};
		9B63772724DAC0F7009D5BC7 /* Resources */ = {
			isa = PBXResourcesBuildPhase;
			buildActionMask = 2147483647;
			files = (
			);
			runOnlyForDeploymentPostprocessing = 0;
		};
/* End PBXResourcesBuildPhase section */

/* Begin PBXSourcesBuildPhase section */
		9B63770424DAC0F5009D5BC7 /* Sources */ = {
			isa = PBXSourcesBuildPhase;
			buildActionMask = 2147483647;
			files = (
				9B63770C24DAC0F5009D5BC7 /* AppDelegate.swift in Sources */,
				9B63770E24DAC0F5009D5BC7 /* SceneDelegate.swift in Sources */,
				9BC8EE5824DAC5200009BEDE /* ProductsResponse.swift in Sources */,
				9BC8EE5524DAC4BA0009BEDE /* ProductsEndpoint.swift in Sources */,
				9BC8EE5124DAC43E0009BEDE /* API.swift in Sources */,
				9B63771024DAC0F5009D5BC7 /* ContentView.swift in Sources */,
				9BC8EE5324DAC4760009BEDE /* Endpoint.swift in Sources */,
			);
			runOnlyForDeploymentPostprocessing = 0;
		};
		9B63771A24DAC0F7009D5BC7 /* Sources */ = {
			isa = PBXSourcesBuildPhase;
			buildActionMask = 2147483647;
			files = (
				9B63772324DAC0F7009D5BC7 /* ExerciseTests.swift in Sources */,
			);
			runOnlyForDeploymentPostprocessing = 0;
		};
		9B63772524DAC0F7009D5BC7 /* Sources */ = {
			isa = PBXSourcesBuildPhase;
			buildActionMask = 2147483647;
			files = (
				9B63772E24DAC0F7009D5BC7 /* ExerciseUITests.swift in Sources */,
			);
			runOnlyForDeploymentPostprocessing = 0;
		};
/* End PBXSourcesBuildPhase section */

/* Begin PBXTargetDependency section */
		9B63772024DAC0F7009D5BC7 /* PBXTargetDependency */ = {
			isa = PBXTargetDependency;
			target = 9B63770724DAC0F5009D5BC7 /* Exercise */;
			targetProxy = 9B63771F24DAC0F7009D5BC7 /* PBXContainerItemProxy */;
		};
		9B63772B24DAC0F7009D5BC7 /* PBXTargetDependency */ = {
			isa = PBXTargetDependency;
			target = 9B63770724DAC0F5009D5BC7 /* Exercise */;
			targetProxy = 9B63772A24DAC0F7009D5BC7 /* PBXContainerItemProxy */;
		};
/* End PBXTargetDependency section */

/* Begin PBXVariantGroup section */
		9B63771624DAC0F7009D5BC7 /* LaunchScreen.storyboard */ = {
			isa = PBXVariantGroup;
			children = (
				9B63771724DAC0F7009D5BC7 /* Base */,
			);
			name = LaunchScreen.storyboard;
			sourceTree = "<group>";
		};
/* End PBXVariantGroup section */

/* Begin XCBuildConfiguration section */
		9B63773024DAC0F7009D5BC7 /* Debug */ = {
			isa = XCBuildConfiguration;
			buildSettings = {
				ALWAYS_SEARCH_USER_PATHS = NO;
				CLANG_ANALYZER_NONNULL = YES;
				CLANG_ANALYZER_NUMBER_OBJECT_CONVERSION = YES_AGGRESSIVE;
				CLANG_CXX_LANGUAGE_STANDARD = "gnu++14";
				CLANG_CXX_LIBRARY = "libc++";
				CLANG_ENABLE_MODULES = YES;
				CLANG_ENABLE_OBJC_ARC = YES;
				CLANG_ENABLE_OBJC_WEAK = YES;
				CLANG_WARN_BLOCK_CAPTURE_AUTORELEASING = YES;
				CLANG_WARN_BOOL_CONVERSION = YES;
				CLANG_WARN_COMMA = YES;
				CLANG_WARN_CONSTANT_CONVERSION = YES;
				CLANG_WARN_DEPRECATED_OBJC_IMPLEMENTATIONS = YES;
				CLANG_WARN_DIRECT_OBJC_ISA_USAGE = YES_ERROR;
				CLANG_WARN_DOCUMENTATION_COMMENTS = YES;
				CLANG_WARN_EMPTY_BODY = YES;
				CLANG_WARN_ENUM_CONVERSION = YES;
				CLANG_WARN_INFINITE_RECURSION = YES;
				CLANG_WARN_INT_CONVERSION = YES;
				CLANG_WARN_NON_LITERAL_NULL_CONVERSION = YES;
				CLANG_WARN_OBJC_IMPLICIT_RETAIN_SELF = YES;
				CLANG_WARN_OBJC_LITERAL_CONVERSION = YES;
				CLANG_WARN_OBJC_ROOT_CLASS = YES_ERROR;
				CLANG_WARN_RANGE_LOOP_ANALYSIS = YES;
				CLANG_WARN_STRICT_PROTOTYPES = YES;
				CLANG_WARN_SUSPICIOUS_MOVE = YES;
				CLANG_WARN_UNGUARDED_AVAILABILITY = YES_AGGRESSIVE;
				CLANG_WARN_UNREACHABLE_CODE = YES;
				CLANG_WARN__DUPLICATE_METHOD_MATCH = YES;
				COPY_PHASE_STRIP = NO;
				DEBUG_INFORMATION_FORMAT = dwarf;
				ENABLE_STRICT_OBJC_MSGSEND = YES;
				ENABLE_TESTABILITY = YES;
				GCC_C_LANGUAGE_STANDARD = gnu11;
				GCC_DYNAMIC_NO_PIC = NO;
				GCC_NO_COMMON_BLOCKS = YES;
				GCC_OPTIMIZATION_LEVEL = 0;
				GCC_PREPROCESSOR_DEFINITIONS = (
					"DEBUG=1",
					"$(inherited)",
				);
				GCC_WARN_64_TO_32_BIT_CONVERSION = YES;
				GCC_WARN_ABOUT_RETURN_TYPE = YES_ERROR;
				GCC_WARN_UNDECLARED_SELECTOR = YES;
				GCC_WARN_UNINITIALIZED_AUTOS = YES_AGGRESSIVE;
				GCC_WARN_UNUSED_FUNCTION = YES;
				GCC_WARN_UNUSED_VARIABLE = YES;
				IPHONEOS_DEPLOYMENT_TARGET = 13.6;
				MTL_ENABLE_DEBUG_INFO = INCLUDE_SOURCE;
				MTL_FAST_MATH = YES;
				ONLY_ACTIVE_ARCH = YES;
				SDKROOT = iphoneos;
				SWIFT_ACTIVE_COMPILATION_CONDITIONS = DEBUG;
				SWIFT_OPTIMIZATION_LEVEL = "-Onone";
			};
			name = Debug;
		};
		9B63773124DAC0F7009D5BC7 /* Release */ = {
			isa = XCBuildConfiguration;
			buildSettings = {
				ALWAYS_SEARCH_USER_PATHS = NO;
				CLANG_ANALYZER_NONNULL = YES;
				CLANG_ANALYZER_NUMBER_OBJECT_CONVERSION = YES_AGGRESSIVE;
				CLANG_CXX_LANGUAGE_STANDARD = "gnu++14";
				CLANG_CXX_LIBRARY = "libc++";
				CLANG_ENABLE_MODULES = YES;
				CLANG_ENABLE_OBJC_ARC = YES;
				CLANG_ENABLE_OBJC_WEAK = YES;
				CLANG_WARN_BLOCK_CAPTURE_AUTORELEASING = YES;
				CLANG_WARN_BOOL_CONVERSION = YES;
				CLANG_WARN_COMMA = YES;
				CLANG_WARN_CONSTANT_CONVERSION = YES;
				CLANG_WARN_DEPRECATED_OBJC_IMPLEMENTATIONS = YES;
				CLANG_WARN_DIRECT_OBJC_ISA_USAGE = YES_ERROR;
				CLANG_WARN_DOCUMENTATION_COMMENTS = YES;
				CLANG_WARN_EMPTY_BODY = YES;
				CLANG_WARN_ENUM_CONVERSION = YES;
				CLANG_WARN_INFINITE_RECURSION = YES;
				CLANG_WARN_INT_CONVERSION = YES;
				CLANG_WARN_NON_LITERAL_NULL_CONVERSION = YES;
				CLANG_WARN_OBJC_IMPLICIT_RETAIN_SELF = YES;
				CLANG_WARN_OBJC_LITERAL_CONVERSION = YES;
				CLANG_WARN_OBJC_ROOT_CLASS = YES_ERROR;
				CLANG_WARN_RANGE_LOOP_ANALYSIS = YES;
				CLANG_WARN_STRICT_PROTOTYPES = YES;
				CLANG_WARN_SUSPICIOUS_MOVE = YES;
				CLANG_WARN_UNGUARDED_AVAILABILITY = YES_AGGRESSIVE;
				CLANG_WARN_UNREACHABLE_CODE = YES;
				CLANG_WARN__DUPLICATE_METHOD_MATCH = YES;
				COPY_PHASE_STRIP = NO;
				DEBUG_INFORMATION_FORMAT = "dwarf-with-dsym";
				ENABLE_NS_ASSERTIONS = NO;
				ENABLE_STRICT_OBJC_MSGSEND = YES;
				GCC_C_LANGUAGE_STANDARD = gnu11;
				GCC_NO_COMMON_BLOCKS = YES;
				GCC_WARN_64_TO_32_BIT_CONVERSION = YES;
				GCC_WARN_ABOUT_RETURN_TYPE = YES_ERROR;
				GCC_WARN_UNDECLARED_SELECTOR = YES;
				GCC_WARN_UNINITIALIZED_AUTOS = YES_AGGRESSIVE;
				GCC_WARN_UNUSED_FUNCTION = YES;
				GCC_WARN_UNUSED_VARIABLE = YES;
				IPHONEOS_DEPLOYMENT_TARGET = 13.6;
				MTL_ENABLE_DEBUG_INFO = NO;
				MTL_FAST_MATH = YES;
				SDKROOT = iphoneos;
				SWIFT_COMPILATION_MODE = wholemodule;
				SWIFT_OPTIMIZATION_LEVEL = "-O";
				VALIDATE_PRODUCT = YES;
			};
			name = Release;
		};
		9B63773324DAC0F7009D5BC7 /* Debug */ = {
			isa = XCBuildConfiguration;
			buildSettings = {
				ASSETCATALOG_COMPILER_APPICON_NAME = AppIcon;
				CODE_SIGN_STYLE = Automatic;
				DEVELOPMENT_ASSET_PATHS = "\"Exercise/Preview Content\"";
				DEVELOPMENT_TEAM = JTH6K53472;
				ENABLE_PREVIEWS = YES;
				INFOPLIST_FILE = Exercise/Info.plist;
				LD_RUNPATH_SEARCH_PATHS = (
					"$(inherited)",
					"@executable_path/Frameworks",
				);
				PRODUCT_BUNDLE_IDENTIFIER = com.rshev.Exercise;
				PRODUCT_NAME = "$(TARGET_NAME)";
				SWIFT_VERSION = 5.0;
				TARGETED_DEVICE_FAMILY = "1,2";
			};
			name = Debug;
		};
		9B63773424DAC0F7009D5BC7 /* Release */ = {
			isa = XCBuildConfiguration;
			buildSettings = {
				ASSETCATALOG_COMPILER_APPICON_NAME = AppIcon;
				CODE_SIGN_STYLE = Automatic;
				DEVELOPMENT_ASSET_PATHS = "\"Exercise/Preview Content\"";
				DEVELOPMENT_TEAM = JTH6K53472;
				ENABLE_PREVIEWS = YES;
				INFOPLIST_FILE = Exercise/Info.plist;
				LD_RUNPATH_SEARCH_PATHS = (
					"$(inherited)",
					"@executable_path/Frameworks",
				);
				PRODUCT_BUNDLE_IDENTIFIER = com.rshev.Exercise;
				PRODUCT_NAME = "$(TARGET_NAME)";
				SWIFT_VERSION = 5.0;
				TARGETED_DEVICE_FAMILY = "1,2";
			};
			name = Release;
		};
		9B63773624DAC0F7009D5BC7 /* Debug */ = {
			isa = XCBuildConfiguration;
			buildSettings = {
				ALWAYS_EMBED_SWIFT_STANDARD_LIBRARIES = YES;
				BUNDLE_LOADER = "$(TEST_HOST)";
				CODE_SIGN_STYLE = Automatic;
				DEVELOPMENT_TEAM = JTH6K53472;
				INFOPLIST_FILE = ExerciseTests/Info.plist;
				IPHONEOS_DEPLOYMENT_TARGET = 13.6;
				LD_RUNPATH_SEARCH_PATHS = (
					"$(inherited)",
					"@executable_path/Frameworks",
					"@loader_path/Frameworks",
				);
				PRODUCT_BUNDLE_IDENTIFIER = com.rshev.ExerciseTests;
				PRODUCT_NAME = "$(TARGET_NAME)";
				SWIFT_VERSION = 5.0;
				TARGETED_DEVICE_FAMILY = "1,2";
				TEST_HOST = "$(BUILT_PRODUCTS_DIR)/Exercise.app/Exercise";
			};
			name = Debug;
		};
		9B63773724DAC0F7009D5BC7 /* Release */ = {
			isa = XCBuildConfiguration;
			buildSettings = {
				ALWAYS_EMBED_SWIFT_STANDARD_LIBRARIES = YES;
				BUNDLE_LOADER = "$(TEST_HOST)";
				CODE_SIGN_STYLE = Automatic;
				DEVELOPMENT_TEAM = JTH6K53472;
				INFOPLIST_FILE = ExerciseTests/Info.plist;
				IPHONEOS_DEPLOYMENT_TARGET = 13.6;
				LD_RUNPATH_SEARCH_PATHS = (
					"$(inherited)",
					"@executable_path/Frameworks",
					"@loader_path/Frameworks",
				);
				PRODUCT_BUNDLE_IDENTIFIER = com.rshev.ExerciseTests;
				PRODUCT_NAME = "$(TARGET_NAME)";
				SWIFT_VERSION = 5.0;
				TARGETED_DEVICE_FAMILY = "1,2";
				TEST_HOST = "$(BUILT_PRODUCTS_DIR)/Exercise.app/Exercise";
			};
			name = Release;
		};
		9B63773924DAC0F7009D5BC7 /* Debug */ = {
			isa = XCBuildConfiguration;
			buildSettings = {
				ALWAYS_EMBED_SWIFT_STANDARD_LIBRARIES = YES;
				CODE_SIGN_STYLE = Automatic;
				DEVELOPMENT_TEAM = JTH6K53472;
				INFOPLIST_FILE = ExerciseUITests/Info.plist;
				LD_RUNPATH_SEARCH_PATHS = (
					"$(inherited)",
					"@executable_path/Frameworks",
					"@loader_path/Frameworks",
				);
				PRODUCT_BUNDLE_IDENTIFIER = com.rshev.ExerciseUITests;
				PRODUCT_NAME = "$(TARGET_NAME)";
				SWIFT_VERSION = 5.0;
				TARGETED_DEVICE_FAMILY = "1,2";
				TEST_TARGET_NAME = Exercise;
			};
			name = Debug;
		};
		9B63773A24DAC0F7009D5BC7 /* Release */ = {
			isa = XCBuildConfiguration;
			buildSettings = {
				ALWAYS_EMBED_SWIFT_STANDARD_LIBRARIES = YES;
				CODE_SIGN_STYLE = Automatic;
				DEVELOPMENT_TEAM = JTH6K53472;
				INFOPLIST_FILE = ExerciseUITests/Info.plist;
				LD_RUNPATH_SEARCH_PATHS = (
					"$(inherited)",
					"@executable_path/Frameworks",
					"@loader_path/Frameworks",
				);
				PRODUCT_BUNDLE_IDENTIFIER = com.rshev.ExerciseUITests;
				PRODUCT_NAME = "$(TARGET_NAME)";
				SWIFT_VERSION = 5.0;
				TARGETED_DEVICE_FAMILY = "1,2";
				TEST_TARGET_NAME = Exercise;
			};
			name = Release;
		};
/* End XCBuildConfiguration section */

/* Begin XCConfigurationList section */
		9B63770324DAC0F5009D5BC7 /* Build configuration list for PBXProject "Exercise" */ = {
			isa = XCConfigurationList;
			buildConfigurations = (
				9B63773024DAC0F7009D5BC7 /* Debug */,
				9B63773124DAC0F7009D5BC7 /* Release */,
			);
			defaultConfigurationIsVisible = 0;
			defaultConfigurationName = Release;
		};
		9B63773224DAC0F7009D5BC7 /* Build configuration list for PBXNativeTarget "Exercise" */ = {
			isa = XCConfigurationList;
			buildConfigurations = (
				9B63773324DAC0F7009D5BC7 /* Debug */,
				9B63773424DAC0F7009D5BC7 /* Release */,
			);
			defaultConfigurationIsVisible = 0;
			defaultConfigurationName = Release;
		};
		9B63773524DAC0F7009D5BC7 /* Build configuration list for PBXNativeTarget "ExerciseTests" */ = {
			isa = XCConfigurationList;
			buildConfigurations = (
				9B63773624DAC0F7009D5BC7 /* Debug */,
				9B63773724DAC0F7009D5BC7 /* Release */,
			);
			defaultConfigurationIsVisible = 0;
			defaultConfigurationName = Release;
		};
		9B63773824DAC0F7009D5BC7 /* Build configuration list for PBXNativeTarget "ExerciseUITests" */ = {
			isa = XCConfigurationList;
			buildConfigurations = (
				9B63773924DAC0F7009D5BC7 /* Debug */,
				9B63773A24DAC0F7009D5BC7 /* Release */,
			);
			defaultConfigurationIsVisible = 0;
			defaultConfigurationName = Release;
		};
/* End XCConfigurationList section */
	};
	rootObject = 9B63770024DAC0F5009D5BC7 /* Project object */;
}
